
Microsoft Visual Studio Solution File, Format Version 12.00
# Visual Studio Version 16
VisualStudioVersion = 16.0.31515.178
MinimumVisualStudioVersion = 10.0.40219.1
Project("{FAE04EC0-301F-11D3-BF4B-00C04F79EFBC}") = "BMC.Oximeter", "BMC.Oximeter\BMC.Oximeter.csproj", "{3D40BD2C-1EFA-4F5A-9126-22805E97F7C1}"
EndProject
Global
	GlobalSection(SolutionConfigurationPlatforms) = preSolution
		Debug|Any CPU = Debug|Any CPU
		Release|Any CPU = Release|Any CPU
	EndGlobalSection
	GlobalSection(ProjectConfigurationPlatforms) = postSolution
		{3D40BD2C-1EFA-4F5A-9126-22805E97F7C1}.Debug|Any CPU.ActiveCfg = Debug|Any CPU
		{3D40BD2C-1EFA-4F5A-9126-22805E97F7C1}.Debug|Any CPU.Build.0 = Debug|Any CPU
		{3D40BD2C-1EFA-4F5A-9126-22805E97F7C1}.Debug|Any CPU.Deploy.0 = Debug|Any CPU
		{3D40BD2C-1EFA-4F5A-9126-22805E97F7C1}.Release|Any CPU.ActiveCfg = Release|Any CPU
		{3D40BD2C-1EFA-4F5A-9126-22805E97F7C1}.Release|Any CPU.Build.0 = Release|Any CPU
		{3D40BD2C-1EFA-4F5A-9126-22805E97F7C1}.Release|Any CPU.Deploy.0 = Release|Any CPU
	EndGlobalSection
	GlobalSection(SolutionProperties) = preSolution
		HideSolutionNode = FALSE
	EndGlobalSection
	GlobalSection(ExtensibilityGlobals) = postSolution
		SolutionGuid = {289A4DB4-0FD3-42BD-9604-610D2B6841A6}
	EndGlobalSection
EndGlobal
